
Microsoft Visual Studio Solution File, Format Version 12.00
# Visual Studio 15
VisualStudioVersion = 15.0.28010.2050
MinimumVisualStudioVersion = 10.0.40219.1
Project("{8BC9CEB8-8B4A-11D0-8D11-00A0C91BC942}") = "internalTriggerHops", "internalTriggerHops\internalTriggerHops.vcxproj", "{9FA11261-54FD-41B9-9E89-3AE498D9299B}"
EndProject
Global
	GlobalSection(SolutionConfigurationPlatforms) = preSolution
		Debug|x64 = Debug|x64
		Debug|x86 = Debug|x86
		Release|x64 = Release|x64
		Release|x86 = Release|x86
	EndGlobalSection
	GlobalSection(ProjectConfigurationPlatforms) = postSolution
		{9FA11261-54FD-41B9-9E89-3AE498D9299B}.Debug|x64.ActiveCfg = Debug|x64
		{9FA11261-54FD-41B9-9E89-3AE498D9299B}.Debug|x64.Build.0 = Debug|x64
		{9FA11261-54FD-41B9-9E89-3AE498D9299B}.Debug|x86.ActiveCfg = Debug|Win32
		{9FA11261-54FD-41B9-9E89-3AE498D9299B}.Debug|x86.Build.0 = Debug|Win32
		{9FA11261-54FD-41B9-9E89-3AE498D9299B}.Release|x64.ActiveCfg = Release|x64
		{9FA11261-54FD-41B9-9E89-3AE498D9299B}.Release|x64.Build.0 = Release|x64
		{9FA11261-54FD-41B9-9E89-3AE498D9299B}.Release|x86.ActiveCfg = Release|Win32
		{9FA11261-54FD-41B9-9E89-3AE498D9299B}.Release|x86.Build.0 = Release|Win32
	EndGlobalSection
	GlobalSection(SolutionProperties) = preSolution
		HideSolutionNode = FALSE
	EndGlobalSection
	GlobalSection(ExtensibilityGlobals) = postSolution
		SolutionGuid = {592D57B1-0AB0-4043-B900-DA1608A29505}
	EndGlobalSection
EndGlobal
